// !$*UTF8*$!
{
	archiveVersion = 1;
	classes = {
	};
	objectVersion = 55;
	objects = {

/* Begin PBXBuildFile section */
		0F930263276B6B3200378D06 /* NetMessage.swift in Sources */ = {isa = PBXBuildFile; fileRef = 0F930262276B6B3200378D06 /* NetMessage.swift */; };
		0F930265276B8C3F00378D06 /* VideoStreamMessage.swift in Sources */ = {isa = PBXBuildFile; fileRef = 0F930264276B8C3F00378D06 /* VideoStreamMessage.swift */; };
		0F930266276B910B00378D06 /* NetSceneServerMessageHandler.swift in Sources */ = {isa = PBXBuildFile; fileRef = 0FFFF183276A927600AFA333 /* NetSceneServerMessageHandler.swift */; };
		0F930267276B913000378D06 /* LobbyList.swift in Sources */ = {isa = PBXBuildFile; fileRef = 0FB947D527580CF60054D1FB /* LobbyList.swift */; };
		0F930268276B913B00378D06 /* ServerController.swift in Sources */ = {isa = PBXBuildFile; fileRef = 0FFFF17C276A84D500AFA333 /* ServerController.swift */; };
		0F930269276B913C00378D06 /* ServerController.swift in Sources */ = {isa = PBXBuildFile; fileRef = 0FFFF17C276A84D500AFA333 /* ServerController.swift */; };
		0F93026A276B914300378D06 /* VideoStreamMessage.swift in Sources */ = {isa = PBXBuildFile; fileRef = 0F930264276B8C3F00378D06 /* VideoStreamMessage.swift */; };
		0F93026B276B914400378D06 /* VideoStreamMessage.swift in Sources */ = {isa = PBXBuildFile; fileRef = 0F930264276B8C3F00378D06 /* VideoStreamMessage.swift */; };
		0F93026C276B914700378D06 /* JoinLobbyMessage.swift in Sources */ = {isa = PBXBuildFile; fileRef = 0FFFF181276A921E00AFA333 /* JoinLobbyMessage.swift */; };
		0F93026D276B914700378D06 /* JoinLobbyMessage.swift in Sources */ = {isa = PBXBuildFile; fileRef = 0FFFF181276A921E00AFA333 /* JoinLobbyMessage.swift */; };
		0F93026E276B914B00378D06 /* LobbyHandler.swift in Sources */ = {isa = PBXBuildFile; fileRef = 0FFFF17E276A8BE900AFA333 /* LobbyHandler.swift */; };
		0F93026F276B914B00378D06 /* LobbyHandler.swift in Sources */ = {isa = PBXBuildFile; fileRef = 0FFFF17E276A8BE900AFA333 /* LobbyHandler.swift */; };
		0F930270276B915C00378D06 /* NetMessage.swift in Sources */ = {isa = PBXBuildFile; fileRef = 0F930262276B6B3200378D06 /* NetMessage.swift */; };
		0F930271276B915D00378D06 /* NetMessage.swift in Sources */ = {isa = PBXBuildFile; fileRef = 0F930262276B6B3200378D06 /* NetMessage.swift */; };
		0F930272276B917000378D06 /* NetSceneServerMessageHandler.swift in Sources */ = {isa = PBXBuildFile; fileRef = 0FFFF183276A927600AFA333 /* NetSceneServerMessageHandler.swift */; };
		0FAD88A72757D67F00D4D59E /* NetSceneServerApp.swift in Sources */ = {isa = PBXBuildFile; fileRef = 0FAD88A62757D67F00D4D59E /* NetSceneServerApp.swift */; };
		0FAD88A92757D67F00D4D59E /* ContentView.swift in Sources */ = {isa = PBXBuildFile; fileRef = 0FAD88A82757D67F00D4D59E /* ContentView.swift */; };
		0FAD88AB2757D68000D4D59E /* Assets.xcassets in Resources */ = {isa = PBXBuildFile; fileRef = 0FAD88AA2757D68000D4D59E /* Assets.xcassets */; };
		0FAD88AE2757D68000D4D59E /* Preview Assets.xcassets in Resources */ = {isa = PBXBuildFile; fileRef = 0FAD88AD2757D68000D4D59E /* Preview Assets.xcassets */; };
		0FAD88B92757D68000D4D59E /* NetSceneServerTests.swift in Sources */ = {isa = PBXBuildFile; fileRef = 0FAD88B82757D68000D4D59E /* NetSceneServerTests.swift */; };
		0FAD88C32757D68000D4D59E /* NetSceneServerUITests.swift in Sources */ = {isa = PBXBuildFile; fileRef = 0FAD88C22757D68000D4D59E /* NetSceneServerUITests.swift */; };
		0FAD88C52757D68000D4D59E /* NetSceneServerUITestsLaunchTests.swift in Sources */ = {isa = PBXBuildFile; fileRef = 0FAD88C42757D68000D4D59E /* NetSceneServerUITestsLaunchTests.swift */; };
		0FAD88D42757E33800D4D59E /* Scene.swift in Sources */ = {isa = PBXBuildFile; fileRef = 0FAD88D32757E33800D4D59E /* Scene.swift */; };
		0FAD88D52757E33800D4D59E /* Scene.swift in Sources */ = {isa = PBXBuildFile; fileRef = 0FAD88D32757E33800D4D59E /* Scene.swift */; };
		0FAD88D72757E35500D4D59E /* SceneTest.swift in Sources */ = {isa = PBXBuildFile; fileRef = 0FAD88D62757E35500D4D59E /* SceneTest.swift */; };
		0FAD88D92757E50000D4D59E /* SceneObject.swift in Sources */ = {isa = PBXBuildFile; fileRef = 0FAD88D82757E50000D4D59E /* SceneObject.swift */; };
		0FAD88DA2757E50000D4D59E /* SceneObject.swift in Sources */ = {isa = PBXBuildFile; fileRef = 0FAD88D82757E50000D4D59E /* SceneObject.swift */; };
		0FAD88DC2757E5A600D4D59E /* SceneObjectTest.swift in Sources */ = {isa = PBXBuildFile; fileRef = 0FAD88DB2757E5A600D4D59E /* SceneObjectTest.swift */; };
		0FB947CC2757FDE60054D1FB /* Lobby.swift in Sources */ = {isa = PBXBuildFile; fileRef = 0FB947CB2757FDE60054D1FB /* Lobby.swift */; };
		0FB947CD2757FDE60054D1FB /* Lobby.swift in Sources */ = {isa = PBXBuildFile; fileRef = 0FB947CB2757FDE60054D1FB /* Lobby.swift */; };
		0FB947CF2757FE100054D1FB /* NetSceneClient.swift in Sources */ = {isa = PBXBuildFile; fileRef = 0FB947CE2757FE100054D1FB /* NetSceneClient.swift */; };
		0FB947D02757FE100054D1FB /* NetSceneClient.swift in Sources */ = {isa = PBXBuildFile; fileRef = 0FB947CE2757FE100054D1FB /* NetSceneClient.swift */; };
		0FB947D627580CF60054D1FB /* LobbyList.swift in Sources */ = {isa = PBXBuildFile; fileRef = 0FB947D527580CF60054D1FB /* LobbyList.swift */; };
		0FB947D727580CF60054D1FB /* LobbyList.swift in Sources */ = {isa = PBXBuildFile; fileRef = 0FB947D527580CF60054D1FB /* LobbyList.swift */; };
		0FB947D927580D3D0054D1FB /* NetSceneServer.swift in Sources */ = {isa = PBXBuildFile; fileRef = 0FB947D827580D3D0054D1FB /* NetSceneServer.swift */; };
		0FB947DA27580D3D0054D1FB /* NetSceneServer.swift in Sources */ = {isa = PBXBuildFile; fileRef = 0FB947D827580D3D0054D1FB /* NetSceneServer.swift */; };
		0FB947DC275811B50054D1FB /* ClientList.swift in Sources */ = {isa = PBXBuildFile; fileRef = 0FB947DB275811B50054D1FB /* ClientList.swift */; };
		0FB947DD275811B50054D1FB /* ClientList.swift in Sources */ = {isa = PBXBuildFile; fileRef = 0FB947DB275811B50054D1FB /* ClientList.swift */; };
		0FB947DE275813110054D1FB /* Lobby.swift in Sources */ = {isa = PBXBuildFile; fileRef = 0FB947CB2757FDE60054D1FB /* Lobby.swift */; };
		0FB947DF275813470054D1FB /* NetSceneClient.swift in Sources */ = {isa = PBXBuildFile; fileRef = 0FB947CE2757FE100054D1FB /* NetSceneClient.swift */; };
		0FB947E02758136B0054D1FB /* NetSceneServer.swift in Sources */ = {isa = PBXBuildFile; fileRef = 0FB947D827580D3D0054D1FB /* NetSceneServer.swift */; };
		0FB947E1275813FA0054D1FB /* Scene.swift in Sources */ = {isa = PBXBuildFile; fileRef = 0FAD88D32757E33800D4D59E /* Scene.swift */; };
		0FB947E2275815050054D1FB /* SceneObject.swift in Sources */ = {isa = PBXBuildFile; fileRef = 0FAD88D82757E50000D4D59E /* SceneObject.swift */; };
		0FB947E52758193A0054D1FB /* LobbyTest.swift in Sources */ = {isa = PBXBuildFile; fileRef = 0FB947E32758193A0054D1FB /* LobbyTest.swift */; };
		0FFFF17D276A84D500AFA333 /* ServerController.swift in Sources */ = {isa = PBXBuildFile; fileRef = 0FFFF17C276A84D500AFA333 /* ServerController.swift */; };
		0FFFF17F276A8BE900AFA333 /* LobbyHandler.swift in Sources */ = {isa = PBXBuildFile; fileRef = 0FFFF17E276A8BE900AFA333 /* LobbyHandler.swift */; };
		0FFFF182276A921E00AFA333 /* JoinLobbyMessage.swift in Sources */ = {isa = PBXBuildFile; fileRef = 0FFFF181276A921E00AFA333 /* JoinLobbyMessage.swift */; };
		0FFFF184276A927600AFA333 /* NetSceneServerMessageHandler.swift in Sources */ = {isa = PBXBuildFile; fileRef = 0FFFF183276A927600AFA333 /* NetSceneServerMessageHandler.swift */; };
/* End PBXBuildFile section */

/* Begin PBXContainerItemProxy section */
		0FAD88B52757D68000D4D59E /* PBXContainerItemProxy */ = {
			isa = PBXContainerItemProxy;
			containerPortal = 0FAD889B2757D67F00D4D59E /* Project object */;
			proxyType = 1;
			remoteGlobalIDString = 0FAD88A22757D67F00D4D59E;
			remoteInfo = NetSceneServer;
		};
		0FAD88BF2757D68000D4D59E /* PBXContainerItemProxy */ = {
			isa = PBXContainerItemProxy;
			containerPortal = 0FAD889B2757D67F00D4D59E /* Project object */;
			proxyType = 1;
			remoteGlobalIDString = 0FAD88A22757D67F00D4D59E;
			remoteInfo = NetSceneServer;
		};
/* End PBXContainerItemProxy section */

/* Begin PBXFileReference section */
		0F930262276B6B3200378D06 /* NetMessage.swift */ = {isa = PBXFileReference; lastKnownFileType = sourcecode.swift; path = NetMessage.swift; sourceTree = "<group>"; };
		0F930264276B8C3F00378D06 /* VideoStreamMessage.swift */ = {isa = PBXFileReference; lastKnownFileType = sourcecode.swift; path = VideoStreamMessage.swift; sourceTree = "<group>"; };
		0FAD88A32757D67F00D4D59E /* NetSceneServer.app */ = {isa = PBXFileReference; explicitFileType = wrapper.application; includeInIndex = 0; path = NetSceneServer.app; sourceTree = BUILT_PRODUCTS_DIR; };
		0FAD88A62757D67F00D4D59E /* NetSceneServerApp.swift */ = {isa = PBXFileReference; lastKnownFileType = sourcecode.swift; path = NetSceneServerApp.swift; sourceTree = "<group>"; };
		0FAD88A82757D67F00D4D59E /* ContentView.swift */ = {isa = PBXFileReference; lastKnownFileType = sourcecode.swift; path = ContentView.swift; sourceTree = "<group>"; };
		0FAD88AA2757D68000D4D59E /* Assets.xcassets */ = {isa = PBXFileReference; lastKnownFileType = folder.assetcatalog; path = Assets.xcassets; sourceTree = "<group>"; };
		0FAD88AD2757D68000D4D59E /* Preview Assets.xcassets */ = {isa = PBXFileReference; lastKnownFileType = folder.assetcatalog; path = "Preview Assets.xcassets"; sourceTree = "<group>"; };
		0FAD88AF2757D68000D4D59E /* NetSceneServer.entitlements */ = {isa = PBXFileReference; lastKnownFileType = text.plist.entitlements; path = NetSceneServer.entitlements; sourceTree = "<group>"; };
		0FAD88B42757D68000D4D59E /* NetSceneServerTests.xctest */ = {isa = PBXFileReference; explicitFileType = wrapper.cfbundle; includeInIndex = 0; path = NetSceneServerTests.xctest; sourceTree = BUILT_PRODUCTS_DIR; };
		0FAD88B82757D68000D4D59E /* NetSceneServerTests.swift */ = {isa = PBXFileReference; lastKnownFileType = sourcecode.swift; path = NetSceneServerTests.swift; sourceTree = "<group>"; };
		0FAD88BE2757D68000D4D59E /* NetSceneServerUITests.xctest */ = {isa = PBXFileReference; explicitFileType = wrapper.cfbundle; includeInIndex = 0; path = NetSceneServerUITests.xctest; sourceTree = BUILT_PRODUCTS_DIR; };
		0FAD88C22757D68000D4D59E /* NetSceneServerUITests.swift */ = {isa = PBXFileReference; lastKnownFileType = sourcecode.swift; path = NetSceneServerUITests.swift; sourceTree = "<group>"; };
		0FAD88C42757D68000D4D59E /* NetSceneServerUITestsLaunchTests.swift */ = {isa = PBXFileReference; lastKnownFileType = sourcecode.swift; path = NetSceneServerUITestsLaunchTests.swift; sourceTree = "<group>"; };
		0FAD88D32757E33800D4D59E /* Scene.swift */ = {isa = PBXFileReference; lastKnownFileType = sourcecode.swift; path = Scene.swift; sourceTree = "<group>"; };
		0FAD88D62757E35500D4D59E /* SceneTest.swift */ = {isa = PBXFileReference; lastKnownFileType = sourcecode.swift; path = SceneTest.swift; sourceTree = "<group>"; };
		0FAD88D82757E50000D4D59E /* SceneObject.swift */ = {isa = PBXFileReference; lastKnownFileType = sourcecode.swift; path = SceneObject.swift; sourceTree = "<group>"; };
		0FAD88DB2757E5A600D4D59E /* SceneObjectTest.swift */ = {isa = PBXFileReference; lastKnownFileType = sourcecode.swift; path = SceneObjectTest.swift; sourceTree = "<group>"; };
		0FB947CB2757FDE60054D1FB /* Lobby.swift */ = {isa = PBXFileReference; lastKnownFileType = sourcecode.swift; path = Lobby.swift; sourceTree = "<group>"; };
		0FB947CE2757FE100054D1FB /* NetSceneClient.swift */ = {isa = PBXFileReference; lastKnownFileType = sourcecode.swift; path = NetSceneClient.swift; sourceTree = "<group>"; };
		0FB947D527580CF60054D1FB /* LobbyList.swift */ = {isa = PBXFileReference; lastKnownFileType = sourcecode.swift; path = LobbyList.swift; sourceTree = "<group>"; };
		0FB947D827580D3D0054D1FB /* NetSceneServer.swift */ = {isa = PBXFileReference; lastKnownFileType = sourcecode.swift; path = NetSceneServer.swift; sourceTree = "<group>"; };
		0FB947DB275811B50054D1FB /* ClientList.swift */ = {isa = PBXFileReference; lastKnownFileType = sourcecode.swift; path = ClientList.swift; sourceTree = "<group>"; };
		0FB947E32758193A0054D1FB /* LobbyTest.swift */ = {isa = PBXFileReference; lastKnownFileType = sourcecode.swift; path = LobbyTest.swift; sourceTree = "<group>"; };
		0FFFF17C276A84D500AFA333 /* ServerController.swift */ = {isa = PBXFileReference; lastKnownFileType = sourcecode.swift; path = ServerController.swift; sourceTree = "<group>"; };
		0FFFF17E276A8BE900AFA333 /* LobbyHandler.swift */ = {isa = PBXFileReference; lastKnownFileType = sourcecode.swift; path = LobbyHandler.swift; sourceTree = "<group>"; };
		0FFFF181276A921E00AFA333 /* JoinLobbyMessage.swift */ = {isa = PBXFileReference; lastKnownFileType = sourcecode.swift; path = JoinLobbyMessage.swift; sourceTree = "<group>"; };
		0FFFF183276A927600AFA333 /* NetSceneServerMessageHandler.swift */ = {isa = PBXFileReference; lastKnownFileType = sourcecode.swift; path = NetSceneServerMessageHandler.swift; sourceTree = "<group>"; };
/* End PBXFileReference section */

/* Begin PBXFrameworksBuildPhase section */
		0FAD88A02757D67F00D4D59E /* Frameworks */ = {
			isa = PBXFrameworksBuildPhase;
			buildActionMask = 2147483647;
			files = (
			);
			runOnlyForDeploymentPostprocessing = 0;
		};
		0FAD88B12757D68000D4D59E /* Frameworks */ = {
			isa = PBXFrameworksBuildPhase;
			buildActionMask = 2147483647;
			files = (
			);
			runOnlyForDeploymentPostprocessing = 0;
		};
		0FAD88BB2757D68000D4D59E /* Frameworks */ = {
			isa = PBXFrameworksBuildPhase;
			buildActionMask = 2147483647;
			files = (
			);
			runOnlyForDeploymentPostprocessing = 0;
		};
/* End PBXFrameworksBuildPhase section */

/* Begin PBXGroup section */
		0FAD889A2757D67F00D4D59E = {
			isa = PBXGroup;
			children = (
				0FAD88A52757D67F00D4D59E /* NetSceneServer */,
				0FAD88B72757D68000D4D59E /* NetSceneServerTests */,
				0FAD88C12757D68000D4D59E /* NetSceneServerUITests */,
				0FAD88A42757D67F00D4D59E /* Products */,
			);
			sourceTree = "<group>";
		};
		0FAD88A42757D67F00D4D59E /* Products */ = {
			isa = PBXGroup;
			children = (
				0FAD88A32757D67F00D4D59E /* NetSceneServer.app */,
				0FAD88B42757D68000D4D59E /* NetSceneServerTests.xctest */,
				0FAD88BE2757D68000D4D59E /* NetSceneServerUITests.xctest */,
			);
			name = Products;
			sourceTree = "<group>";
		};
		0FAD88A52757D67F00D4D59E /* NetSceneServer */ = {
			isa = PBXGroup;
			children = (
				0FB947D427580CD90054D1FB /* View */,
				0FAD88D22757E26F00D4D59E /* Model */,
				0FAD88A62757D67F00D4D59E /* NetSceneServerApp.swift */,
				0FAD88A82757D67F00D4D59E /* ContentView.swift */,
				0FAD88AA2757D68000D4D59E /* Assets.xcassets */,
				0FAD88AF2757D68000D4D59E /* NetSceneServer.entitlements */,
				0FAD88AC2757D68000D4D59E /* Preview Content */,
			);
			path = NetSceneServer;
			sourceTree = "<group>";
		};
		0FAD88AC2757D68000D4D59E /* Preview Content */ = {
			isa = PBXGroup;
			children = (
				0FAD88AD2757D68000D4D59E /* Preview Assets.xcassets */,
			);
			path = "Preview Content";
			sourceTree = "<group>";
		};
		0FAD88B72757D68000D4D59E /* NetSceneServerTests */ = {
			isa = PBXGroup;
			children = (
				0FAD88B82757D68000D4D59E /* NetSceneServerTests.swift */,
				0FAD88D62757E35500D4D59E /* SceneTest.swift */,
				0FAD88DB2757E5A600D4D59E /* SceneObjectTest.swift */,
				0FB947E32758193A0054D1FB /* LobbyTest.swift */,
			);
			path = NetSceneServerTests;
			sourceTree = "<group>";
		};
		0FAD88C12757D68000D4D59E /* NetSceneServerUITests */ = {
			isa = PBXGroup;
			children = (
				0FAD88C22757D68000D4D59E /* NetSceneServerUITests.swift */,
				0FAD88C42757D68000D4D59E /* NetSceneServerUITestsLaunchTests.swift */,
			);
			path = NetSceneServerUITests;
			sourceTree = "<group>";
		};
		0FAD88D22757E26F00D4D59E /* Model */ = {
			isa = PBXGroup;
			children = (
				0FFFF180276A920600AFA333 /* Messages */,
				0FAD88D32757E33800D4D59E /* Scene.swift */,
				0FAD88D82757E50000D4D59E /* SceneObject.swift */,
				0FB947CB2757FDE60054D1FB /* Lobby.swift */,
				0FB947CE2757FE100054D1FB /* NetSceneClient.swift */,
				0FB947D827580D3D0054D1FB /* NetSceneServer.swift */,
				0FFFF17E276A8BE900AFA333 /* LobbyHandler.swift */,
				0FFFF183276A927600AFA333 /* NetSceneServerMessageHandler.swift */,
			);
			path = Model;
			sourceTree = "<group>";
		};
		0FB947D427580CD90054D1FB /* View */ = {
			isa = PBXGroup;
			children = (
				0FB947D527580CF60054D1FB /* LobbyList.swift */,
				0FB947DB275811B50054D1FB /* ClientList.swift */,
				0FFFF17C276A84D500AFA333 /* ServerController.swift */,
			);
			path = View;
			sourceTree = "<group>";
		};
		0FFFF180276A920600AFA333 /* Messages */ = {
			isa = PBXGroup;
			children = (
				0FFFF181276A921E00AFA333 /* JoinLobbyMessage.swift */,
				0F930262276B6B3200378D06 /* NetMessage.swift */,
				0F930264276B8C3F00378D06 /* VideoStreamMessage.swift */,
			);
			path = Messages;
			sourceTree = "<group>";
		};
/* End PBXGroup section */

/* Begin PBXNativeTarget section */
		0FAD88A22757D67F00D4D59E /* NetSceneServer */ = {
			isa = PBXNativeTarget;
			buildConfigurationList = 0FAD88C82757D68000D4D59E /* Build configuration list for PBXNativeTarget "NetSceneServer" */;
			buildPhases = (
				0FAD889F2757D67F00D4D59E /* Sources */,
				0FAD88A02757D67F00D4D59E /* Frameworks */,
				0FAD88A12757D67F00D4D59E /* Resources */,
			);
			buildRules = (
			);
			dependencies = (
			);
			name = NetSceneServer;
			productName = NetSceneServer;
			productReference = 0FAD88A32757D67F00D4D59E /* NetSceneServer.app */;
			productType = "com.apple.product-type.application";
		};
		0FAD88B32757D68000D4D59E /* NetSceneServerTests */ = {
			isa = PBXNativeTarget;
			buildConfigurationList = 0FAD88CB2757D68000D4D59E /* Build configuration list for PBXNativeTarget "NetSceneServerTests" */;
			buildPhases = (
				0FAD88B02757D68000D4D59E /* Sources */,
				0FAD88B12757D68000D4D59E /* Frameworks */,
				0FAD88B22757D68000D4D59E /* Resources */,
			);
			buildRules = (
			);
			dependencies = (
				0FAD88B62757D68000D4D59E /* PBXTargetDependency */,
			);
			name = NetSceneServerTests;
			productName = NetSceneServerTests;
			productReference = 0FAD88B42757D68000D4D59E /* NetSceneServerTests.xctest */;
			productType = "com.apple.product-type.bundle.unit-test";
		};
		0FAD88BD2757D68000D4D59E /* NetSceneServerUITests */ = {
			isa = PBXNativeTarget;
			buildConfigurationList = 0FAD88CE2757D68000D4D59E /* Build configuration list for PBXNativeTarget "NetSceneServerUITests" */;
			buildPhases = (
				0FAD88BA2757D68000D4D59E /* Sources */,
				0FAD88BB2757D68000D4D59E /* Frameworks */,
				0FAD88BC2757D68000D4D59E /* Resources */,
			);
			buildRules = (
			);
			dependencies = (
				0FAD88C02757D68000D4D59E /* PBXTargetDependency */,
			);
			name = NetSceneServerUITests;
			productName = NetSceneServerUITests;
			productReference = 0FAD88BE2757D68000D4D59E /* NetSceneServerUITests.xctest */;
			productType = "com.apple.product-type.bundle.ui-testing";
		};
/* End PBXNativeTarget section */

/* Begin PBXProject section */
		0FAD889B2757D67F00D4D59E /* Project object */ = {
			isa = PBXProject;
			attributes = {
				BuildIndependentTargetsInParallel = 1;
				LastSwiftUpdateCheck = 1310;
				LastUpgradeCheck = 1310;
				TargetAttributes = {
					0FAD88A22757D67F00D4D59E = {
						CreatedOnToolsVersion = 13.1;
					};
					0FAD88B32757D68000D4D59E = {
						CreatedOnToolsVersion = 13.1;
						TestTargetID = 0FAD88A22757D67F00D4D59E;
					};
					0FAD88BD2757D68000D4D59E = {
						CreatedOnToolsVersion = 13.1;
						TestTargetID = 0FAD88A22757D67F00D4D59E;
					};
				};
			};
			buildConfigurationList = 0FAD889E2757D67F00D4D59E /* Build configuration list for PBXProject "NetSceneServer" */;
			compatibilityVersion = "Xcode 13.0";
			developmentRegion = en;
			hasScannedForEncodings = 0;
			knownRegions = (
				en,
				Base,
			);
			mainGroup = 0FAD889A2757D67F00D4D59E;
			productRefGroup = 0FAD88A42757D67F00D4D59E /* Products */;
			projectDirPath = "";
			projectRoot = "";
			targets = (
				0FAD88A22757D67F00D4D59E /* NetSceneServer */,
				0FAD88B32757D68000D4D59E /* NetSceneServerTests */,
				0FAD88BD2757D68000D4D59E /* NetSceneServerUITests */,
			);
		};
/* End PBXProject section */

/* Begin PBXResourcesBuildPhase section */
		0FAD88A12757D67F00D4D59E /* Resources */ = {
			isa = PBXResourcesBuildPhase;
			buildActionMask = 2147483647;
			files = (
				0FAD88AE2757D68000D4D59E /* Preview Assets.xcassets in Resources */,
				0FAD88AB2757D68000D4D59E /* Assets.xcassets in Resources */,
			);
			runOnlyForDeploymentPostprocessing = 0;
		};
		0FAD88B22757D68000D4D59E /* Resources */ = {
			isa = PBXResourcesBuildPhase;
			buildActionMask = 2147483647;
			files = (
			);
			runOnlyForDeploymentPostprocessing = 0;
		};
		0FAD88BC2757D68000D4D59E /* Resources */ = {
			isa = PBXResourcesBuildPhase;
			buildActionMask = 2147483647;
			files = (
			);
			runOnlyForDeploymentPostprocessing = 0;
		};
/* End PBXResourcesBuildPhase section */

/* Begin PBXSourcesBuildPhase section */
		0FAD889F2757D67F00D4D59E /* Sources */ = {
			isa = PBXSourcesBuildPhase;
			buildActionMask = 2147483647;
			files = (
				0FB947DC275811B50054D1FB /* ClientList.swift in Sources */,
				0FAD88A92757D67F00D4D59E /* ContentView.swift in Sources */,
				0FFFF17D276A84D500AFA333 /* ServerController.swift in Sources */,
				0F930265276B8C3F00378D06 /* VideoStreamMessage.swift in Sources */,
				0F930263276B6B3200378D06 /* NetMessage.swift in Sources */,
				0FB947CC2757FDE60054D1FB /* Lobby.swift in Sources */,
				0FAD88D92757E50000D4D59E /* SceneObject.swift in Sources */,
				0FFFF17F276A8BE900AFA333 /* LobbyHandler.swift in Sources */,
				0FFFF182276A921E00AFA333 /* JoinLobbyMessage.swift in Sources */,
				0FB947D927580D3D0054D1FB /* NetSceneServer.swift in Sources */,
				0FAD88A72757D67F00D4D59E /* NetSceneServerApp.swift in Sources */,
				0FB947D627580CF60054D1FB /* LobbyList.swift in Sources */,
				0FFFF184276A927600AFA333 /* NetSceneServerMessageHandler.swift in Sources */,
				0FAD88D42757E33800D4D59E /* Scene.swift in Sources */,
				0FB947CF2757FE100054D1FB /* NetSceneClient.swift in Sources */,
			);
			runOnlyForDeploymentPostprocessing = 0;
		};
		0FAD88B02757D68000D4D59E /* Sources */ = {
			isa = PBXSourcesBuildPhase;
			buildActionMask = 2147483647;
			files = (
				0FAD88DC2757E5A600D4D59E /* SceneObjectTest.swift in Sources */,
				0FAD88D52757E33800D4D59E /* Scene.swift in Sources */,
				0FB947CD2757FDE60054D1FB /* Lobby.swift in Sources */,
				0F93026B276B914400378D06 /* VideoStreamMessage.swift in Sources */,
				0FB947E52758193A0054D1FB /* LobbyTest.swift in Sources */,
				0F930269276B913C00378D06 /* ServerController.swift in Sources */,
				0F930267276B913000378D06 /* LobbyList.swift in Sources */,
				0F93026D276B914700378D06 /* JoinLobbyMessage.swift in Sources */,
				0FB947DA27580D3D0054D1FB /* NetSceneServer.swift in Sources */,
				0FAD88DA2757E50000D4D59E /* SceneObject.swift in Sources */,
				0F930271276B915D00378D06 /* NetMessage.swift in Sources */,
				0FAD88B92757D68000D4D59E /* NetSceneServerTests.swift in Sources */,
				0F930272276B917000378D06 /* NetSceneServerMessageHandler.swift in Sources */,
				0F93026F276B914B00378D06 /* LobbyHandler.swift in Sources */,
				0FB947D02757FE100054D1FB /* NetSceneClient.swift in Sources */,
				0FAD88D72757E35500D4D59E /* SceneTest.swift in Sources */,
			);
			runOnlyForDeploymentPostprocessing = 0;
		};
		0FAD88BA2757D68000D4D59E /* Sources */ = {
			isa = PBXSourcesBuildPhase;
			buildActionMask = 2147483647;
			files = (
				0FAD88C52757D68000D4D59E /* NetSceneServerUITestsLaunchTests.swift in Sources */,
				0FB947E2275815050054D1FB /* SceneObject.swift in Sources */,
				0FB947E02758136B0054D1FB /* NetSceneServer.swift in Sources */,
				0F93026A276B914300378D06 /* VideoStreamMessage.swift in Sources */,
				0FB947DE275813110054D1FB /* Lobby.swift in Sources */,
				0F930268276B913B00378D06 /* ServerController.swift in Sources */,
				0FAD88C32757D68000D4D59E /* NetSceneServerUITests.swift in Sources */,
				0F93026C276B914700378D06 /* JoinLobbyMessage.swift in Sources */,
				0FB947E1275813FA0054D1FB /* Scene.swift in Sources */,
				0F930266276B910B00378D06 /* NetSceneServerMessageHandler.swift in Sources */,
				0F930270276B915C00378D06 /* NetMessage.swift in Sources */,
				0FB947DD275811B50054D1FB /* ClientList.swift in Sources */,
				0F93026E276B914B00378D06 /* LobbyHandler.swift in Sources */,
				0FB947D727580CF60054D1FB /* LobbyList.swift in Sources */,
				0FB947DF275813470054D1FB /* NetSceneClient.swift in Sources */,
			);
			runOnlyForDeploymentPostprocessing = 0;
		};
/* End PBXSourcesBuildPhase section */

/* Begin PBXTargetDependency section */
		0FAD88B62757D68000D4D59E /* PBXTargetDependency */ = {
			isa = PBXTargetDependency;
			target = 0FAD88A22757D67F00D4D59E /* NetSceneServer */;
			targetProxy = 0FAD88B52757D68000D4D59E /* PBXContainerItemProxy */;
		};
		0FAD88C02757D68000D4D59E /* PBXTargetDependency */ = {
			isa = PBXTargetDependency;
			target = 0FAD88A22757D67F00D4D59E /* NetSceneServer */;
			targetProxy = 0FAD88BF2757D68000D4D59E /* PBXContainerItemProxy */;
		};
/* End PBXTargetDependency section */

/* Begin XCBuildConfiguration section */
		0FAD88C62757D68000D4D59E /* Debug */ = {
			isa = XCBuildConfiguration;
			buildSettings = {
				ALWAYS_SEARCH_USER_PATHS = NO;
				CLANG_ANALYZER_NONNULL = YES;
				CLANG_ANALYZER_NUMBER_OBJECT_CONVERSION = YES_AGGRESSIVE;
				CLANG_CXX_LANGUAGE_STANDARD = "gnu++17";
				CLANG_CXX_LIBRARY = "libc++";
				CLANG_ENABLE_MODULES = YES;
				CLANG_ENABLE_OBJC_ARC = YES;
				CLANG_ENABLE_OBJC_WEAK = YES;
				CLANG_WARN_BLOCK_CAPTURE_AUTORELEASING = YES;
				CLANG_WARN_BOOL_CONVERSION = YES;
				CLANG_WARN_COMMA = YES;
				CLANG_WARN_CONSTANT_CONVERSION = YES;
				CLANG_WARN_DEPRECATED_OBJC_IMPLEMENTATIONS = YES;
				CLANG_WARN_DIRECT_OBJC_ISA_USAGE = YES_ERROR;
				CLANG_WARN_DOCUMENTATION_COMMENTS = YES;
				CLANG_WARN_EMPTY_BODY = YES;
				CLANG_WARN_ENUM_CONVERSION = YES;
				CLANG_WARN_INFINITE_RECURSION = YES;
				CLANG_WARN_INT_CONVERSION = YES;
				CLANG_WARN_NON_LITERAL_NULL_CONVERSION = YES;
				CLANG_WARN_OBJC_IMPLICIT_RETAIN_SELF = YES;
				CLANG_WARN_OBJC_LITERAL_CONVERSION = YES;
				CLANG_WARN_OBJC_ROOT_CLASS = YES_ERROR;
				CLANG_WARN_QUOTED_INCLUDE_IN_FRAMEWORK_HEADER = YES;
				CLANG_WARN_RANGE_LOOP_ANALYSIS = YES;
				CLANG_WARN_STRICT_PROTOTYPES = YES;
				CLANG_WARN_SUSPICIOUS_MOVE = YES;
				CLANG_WARN_UNGUARDED_AVAILABILITY = YES_AGGRESSIVE;
				CLANG_WARN_UNREACHABLE_CODE = YES;
				CLANG_WARN__DUPLICATE_METHOD_MATCH = YES;
				COPY_PHASE_STRIP = NO;
				DEBUG_INFORMATION_FORMAT = dwarf;
				ENABLE_STRICT_OBJC_MSGSEND = YES;
				ENABLE_TESTABILITY = YES;
				GCC_C_LANGUAGE_STANDARD = gnu11;
				GCC_DYNAMIC_NO_PIC = NO;
				GCC_NO_COMMON_BLOCKS = YES;
				GCC_OPTIMIZATION_LEVEL = 0;
				GCC_PREPROCESSOR_DEFINITIONS = (
					"DEBUG=1",
					"$(inherited)",
				);
				GCC_WARN_64_TO_32_BIT_CONVERSION = YES;
				GCC_WARN_ABOUT_RETURN_TYPE = YES_ERROR;
				GCC_WARN_UNDECLARED_SELECTOR = YES;
				GCC_WARN_UNINITIALIZED_AUTOS = YES_AGGRESSIVE;
				GCC_WARN_UNUSED_FUNCTION = YES;
				GCC_WARN_UNUSED_VARIABLE = YES;
				MACOSX_DEPLOYMENT_TARGET = 11.0;
				MTL_ENABLE_DEBUG_INFO = INCLUDE_SOURCE;
				MTL_FAST_MATH = YES;
				ONLY_ACTIVE_ARCH = YES;
				SDKROOT = macosx;
				SWIFT_ACTIVE_COMPILATION_CONDITIONS = DEBUG;
				SWIFT_OPTIMIZATION_LEVEL = "-Onone";
			};
			name = Debug;
		};
		0FAD88C72757D68000D4D59E /* Release */ = {
			isa = XCBuildConfiguration;
			buildSettings = {
				ALWAYS_SEARCH_USER_PATHS = NO;
				CLANG_ANALYZER_NONNULL = YES;
				CLANG_ANALYZER_NUMBER_OBJECT_CONVERSION = YES_AGGRESSIVE;
				CLANG_CXX_LANGUAGE_STANDARD = "gnu++17";
				CLANG_CXX_LIBRARY = "libc++";
				CLANG_ENABLE_MODULES = YES;
				CLANG_ENABLE_OBJC_ARC = YES;
				CLANG_ENABLE_OBJC_WEAK = YES;
				CLANG_WARN_BLOCK_CAPTURE_AUTORELEASING = YES;
				CLANG_WARN_BOOL_CONVERSION = YES;
				CLANG_WARN_COMMA = YES;
				CLANG_WARN_CONSTANT_CONVERSION = YES;
				CLANG_WARN_DEPRECATED_OBJC_IMPLEMENTATIONS = YES;
				CLANG_WARN_DIRECT_OBJC_ISA_USAGE = YES_ERROR;
				CLANG_WARN_DOCUMENTATION_COMMENTS = YES;
				CLANG_WARN_EMPTY_BODY = YES;
				CLANG_WARN_ENUM_CONVERSION = YES;
				CLANG_WARN_INFINITE_RECURSION = YES;
				CLANG_WARN_INT_CONVERSION = YES;
				CLANG_WARN_NON_LITERAL_NULL_CONVERSION = YES;
				CLANG_WARN_OBJC_IMPLICIT_RETAIN_SELF = YES;
				CLANG_WARN_OBJC_LITERAL_CONVERSION = YES;
				CLANG_WARN_OBJC_ROOT_CLASS = YES_ERROR;
				CLANG_WARN_QUOTED_INCLUDE_IN_FRAMEWORK_HEADER = YES;
				CLANG_WARN_RANGE_LOOP_ANALYSIS = YES;
				CLANG_WARN_STRICT_PROTOTYPES = YES;
				CLANG_WARN_SUSPICIOUS_MOVE = YES;
				CLANG_WARN_UNGUARDED_AVAILABILITY = YES_AGGRESSIVE;
				CLANG_WARN_UNREACHABLE_CODE = YES;
				CLANG_WARN__DUPLICATE_METHOD_MATCH = YES;
				COPY_PHASE_STRIP = NO;
				DEBUG_INFORMATION_FORMAT = "dwarf-with-dsym";
				ENABLE_NS_ASSERTIONS = NO;
				ENABLE_STRICT_OBJC_MSGSEND = YES;
				GCC_C_LANGUAGE_STANDARD = gnu11;
				GCC_NO_COMMON_BLOCKS = YES;
				GCC_WARN_64_TO_32_BIT_CONVERSION = YES;
				GCC_WARN_ABOUT_RETURN_TYPE = YES_ERROR;
				GCC_WARN_UNDECLARED_SELECTOR = YES;
				GCC_WARN_UNINITIALIZED_AUTOS = YES_AGGRESSIVE;
				GCC_WARN_UNUSED_FUNCTION = YES;
				GCC_WARN_UNUSED_VARIABLE = YES;
				MACOSX_DEPLOYMENT_TARGET = 11.0;
				MTL_ENABLE_DEBUG_INFO = NO;
				MTL_FAST_MATH = YES;
				SDKROOT = macosx;
				SWIFT_COMPILATION_MODE = wholemodule;
				SWIFT_OPTIMIZATION_LEVEL = "-O";
			};
			name = Release;
		};
		0FAD88C92757D68000D4D59E /* Debug */ = {
			isa = XCBuildConfiguration;
			buildSettings = {
				ASSETCATALOG_COMPILER_APPICON_NAME = AppIcon;
				ASSETCATALOG_COMPILER_GLOBAL_ACCENT_COLOR_NAME = AccentColor;
				CODE_SIGN_ENTITLEMENTS = NetSceneServer/NetSceneServer.entitlements;
				CODE_SIGN_STYLE = Automatic;
				COMBINE_HIDPI_IMAGES = YES;
				CURRENT_PROJECT_VERSION = 1;
				DEVELOPMENT_ASSET_PATHS = "\"NetSceneServer/Preview Content\"";
				DEVELOPMENT_TEAM = 7HJB6QL336;
				ENABLE_HARDENED_RUNTIME = YES;
				ENABLE_PREVIEWS = YES;
				GENERATE_INFOPLIST_FILE = YES;
				INFOPLIST_KEY_NSHumanReadableCopyright = "";
				LD_RUNPATH_SEARCH_PATHS = (
					"$(inherited)",
					"@executable_path/../Frameworks",
				);
				MARKETING_VERSION = 1.0;
				PRODUCT_BUNDLE_IDENTIFIER = de.TahaTech.NetSceneServer;
				PRODUCT_NAME = "$(TARGET_NAME)";
				SWIFT_EMIT_LOC_STRINGS = YES;
				SWIFT_VERSION = 5.0;
			};
			name = Debug;
		};
		0FAD88CA2757D68000D4D59E /* Release */ = {
			isa = XCBuildConfiguration;
			buildSettings = {
				ASSETCATALOG_COMPILER_APPICON_NAME = AppIcon;
				ASSETCATALOG_COMPILER_GLOBAL_ACCENT_COLOR_NAME = AccentColor;
				CODE_SIGN_ENTITLEMENTS = NetSceneServer/NetSceneServer.entitlements;
				CODE_SIGN_STYLE = Automatic;
				COMBINE_HIDPI_IMAGES = YES;
				CURRENT_PROJECT_VERSION = 1;
				DEVELOPMENT_ASSET_PATHS = "\"NetSceneServer/Preview Content\"";
				DEVELOPMENT_TEAM = 7HJB6QL336;
				ENABLE_HARDENED_RUNTIME = YES;
				ENABLE_PREVIEWS = YES;
				GENERATE_INFOPLIST_FILE = YES;
				INFOPLIST_KEY_NSHumanReadableCopyright = "";
				LD_RUNPATH_SEARCH_PATHS = (
					"$(inherited)",
					"@executable_path/../Frameworks",
				);
				MARKETING_VERSION = 1.0;
				PRODUCT_BUNDLE_IDENTIFIER = de.TahaTech.NetSceneServer;
				PRODUCT_NAME = "$(TARGET_NAME)";
				SWIFT_EMIT_LOC_STRINGS = YES;
				SWIFT_VERSION = 5.0;
			};
			name = Release;
		};
		0FAD88CC2757D68000D4D59E /* Debug */ = {
			isa = XCBuildConfiguration;
			buildSettings = {
				ALWAYS_EMBED_SWIFT_STANDARD_LIBRARIES = YES;
				BUNDLE_LOADER = "$(TEST_HOST)";
				CODE_SIGN_STYLE = Automatic;
				COMBINE_HIDPI_IMAGES = YES;
				CURRENT_PROJECT_VERSION = 1;
				DEVELOPMENT_TEAM = 7HJB6QL336;
				GENERATE_INFOPLIST_FILE = YES;
				LD_RUNPATH_SEARCH_PATHS = (
					"$(inherited)",
					"@executable_path/../Frameworks",
					"@loader_path/../Frameworks",
				);
				MACOSX_DEPLOYMENT_TARGET = 11.0;
				MARKETING_VERSION = 1.0;
				PRODUCT_BUNDLE_IDENTIFIER = de.TahaTech.NetSceneServerTests;
				PRODUCT_NAME = "$(TARGET_NAME)";
				SWIFT_EMIT_LOC_STRINGS = NO;
				SWIFT_VERSION = 5.0;
				TEST_HOST = "$(BUILT_PRODUCTS_DIR)/NetSceneServer.app/Contents/MacOS/NetSceneServer";
			};
			name = Debug;
		};
		0FAD88CD2757D68000D4D59E /* Release */ = {
			isa = XCBuildConfiguration;
			buildSettings = {
				ALWAYS_EMBED_SWIFT_STANDARD_LIBRARIES = YES;
				BUNDLE_LOADER = "$(TEST_HOST)";
				CODE_SIGN_STYLE = Automatic;
				COMBINE_HIDPI_IMAGES = YES;
				CURRENT_PROJECT_VERSION = 1;
				DEVELOPMENT_TEAM = 7HJB6QL336;
				GENERATE_INFOPLIST_FILE = YES;
				LD_RUNPATH_SEARCH_PATHS = (
					"$(inherited)",
					"@executable_path/../Frameworks",
					"@loader_path/../Frameworks",
				);
				MACOSX_DEPLOYMENT_TARGET = 11.0;
				MARKETING_VERSION = 1.0;
				PRODUCT_BUNDLE_IDENTIFIER = de.TahaTech.NetSceneServerTests;
				PRODUCT_NAME = "$(TARGET_NAME)";
				SWIFT_EMIT_LOC_STRINGS = NO;
				SWIFT_VERSION = 5.0;
				TEST_HOST = "$(BUILT_PRODUCTS_DIR)/NetSceneServer.app/Contents/MacOS/NetSceneServer";
			};
			name = Release;
		};
		0FAD88CF2757D68000D4D59E /* Debug */ = {
			isa = XCBuildConfiguration;
			buildSettings = {
				ALWAYS_EMBED_SWIFT_STANDARD_LIBRARIES = YES;
				CODE_SIGN_STYLE = Automatic;
				COMBINE_HIDPI_IMAGES = YES;
				CURRENT_PROJECT_VERSION = 1;
				DEVELOPMENT_TEAM = 7HJB6QL336;
				GENERATE_INFOPLIST_FILE = YES;
				LD_RUNPATH_SEARCH_PATHS = (
					"$(inherited)",
					"@executable_path/../Frameworks",
					"@loader_path/../Frameworks",
				);
				MARKETING_VERSION = 1.0;
				PRODUCT_BUNDLE_IDENTIFIER = de.TahaTech.NetSceneServerUITests;
				PRODUCT_NAME = "$(TARGET_NAME)";
				SWIFT_EMIT_LOC_STRINGS = NO;
				SWIFT_VERSION = 5.0;
				TEST_TARGET_NAME = NetSceneServer;
			};
			name = Debug;
		};
		0FAD88D02757D68000D4D59E /* Release */ = {
			isa = XCBuildConfiguration;
			buildSettings = {
				ALWAYS_EMBED_SWIFT_STANDARD_LIBRARIES = YES;
				CODE_SIGN_STYLE = Automatic;
				COMBINE_HIDPI_IMAGES = YES;
				CURRENT_PROJECT_VERSION = 1;
				DEVELOPMENT_TEAM = 7HJB6QL336;
				GENERATE_INFOPLIST_FILE = YES;
				LD_RUNPATH_SEARCH_PATHS = (
					"$(inherited)",
					"@executable_path/../Frameworks",
					"@loader_path/../Frameworks",
				);
				MARKETING_VERSION = 1.0;
				PRODUCT_BUNDLE_IDENTIFIER = de.TahaTech.NetSceneServerUITests;
				PRODUCT_NAME = "$(TARGET_NAME)";
				SWIFT_EMIT_LOC_STRINGS = NO;
				SWIFT_VERSION = 5.0;
				TEST_TARGET_NAME = NetSceneServer;
			};
			name = Release;
		};
/* End XCBuildConfiguration section */

/* Begin XCConfigurationList section */
		0FAD889E2757D67F00D4D59E /* Build configuration list for PBXProject "NetSceneServer" */ = {
			isa = XCConfigurationList;
			buildConfigurations = (
				0FAD88C62757D68000D4D59E /* Debug */,
				0FAD88C72757D68000D4D59E /* Release */,
			);
			defaultConfigurationIsVisible = 0;
			defaultConfigurationName = Release;
		};
		0FAD88C82757D68000D4D59E /* Build configuration list for PBXNativeTarget "NetSceneServer" */ = {
			isa = XCConfigurationList;
			buildConfigurations = (
				0FAD88C92757D68000D4D59E /* Debug */,
				0FAD88CA2757D68000D4D59E /* Release */,
			);
			defaultConfigurationIsVisible = 0;
			defaultConfigurationName = Release;
		};
		0FAD88CB2757D68000D4D59E /* Build configuration list for PBXNativeTarget "NetSceneServerTests" */ = {
			isa = XCConfigurationList;
			buildConfigurations = (
				0FAD88CC2757D68000D4D59E /* Debug */,
				0FAD88CD2757D68000D4D59E /* Release */,
			);
			defaultConfigurationIsVisible = 0;
			defaultConfigurationName = Release;
		};
		0FAD88CE2757D68000D4D59E /* Build configuration list for PBXNativeTarget "NetSceneServerUITests" */ = {
			isa = XCConfigurationList;
			buildConfigurations = (
				0FAD88CF2757D68000D4D59E /* Debug */,
				0FAD88D02757D68000D4D59E /* Release */,
			);
			defaultConfigurationIsVisible = 0;
			defaultConfigurationName = Release;
		};
/* End XCConfigurationList section */
	};
	rootObject = 0FAD889B2757D67F00D4D59E /* Project object */;
}
